
Microsoft Visual Studio Solution File, Format Version 12.00
# Visual Studio Version 17
VisualStudioVersion = 17.12.35323.107
MinimumVisualStudioVersion = 10.0.40219.1
Project("{FAE04EC0-301F-11D3-BF4B-00C04F79EFBC}") = "FormToEmailApi", "FormToEmailApi\FormToEmailApi.csproj", "{FBD36E4D-DCC8-47CB-9E2D-7170AA7BC36A}"
EndProject
Global
	GlobalSection(SolutionConfigurationPlatforms) = preSolution
		Debug|Any CPU = Debug|Any CPU
		Release|Any CPU = Release|Any CPU
	EndGlobalSection
	GlobalSection(ProjectConfigurationPlatforms) = postSolution
		{FBD36E4D-DCC8-47CB-9E2D-7170AA7BC36A}.Debug|Any CPU.ActiveCfg = Debug|Any CPU
		{FBD36E4D-DCC8-47CB-9E2D-7170AA7BC36A}.Debug|Any CPU.Build.0 = Debug|Any CPU
		{FBD36E4D-DCC8-47CB-9E2D-7170AA7BC36A}.Release|Any CPU.ActiveCfg = Release|Any CPU
		{FBD36E4D-DCC8-47CB-9E2D-7170AA7BC36A}.Release|Any CPU.Build.0 = Release|Any CPU
	EndGlobalSection
	GlobalSection(SolutionProperties) = preSolution
		HideSolutionNode = FALSE
	EndGlobalSection
	GlobalSection(ExtensibilityGlobals) = postSolution
		SolutionGuid = {C107818F-97A3-4246-B2D6-7C8437C51CD9}
	EndGlobalSection
EndGlobal
